
Microsoft Visual Studio Solution File, Format Version 12.00
# Visual Studio Version 17
VisualStudioVersion = 17.13.36105.23 d17.13
MinimumVisualStudioVersion = 10.0.40219.1
Project("{8BC9CEB8-8B4A-11D0-8D11-00A0C91BC942}") = "disc2iso", "disc2iso.vcxproj", "{9A14C745-00CB-18F4-CDF3-0F18957489EF}"
EndProject
Global
	GlobalSection(SolutionConfigurationPlatforms) = preSolution
		Debug|Win32 = Debug|Win32
		Debug|x64 = Debug|x64
		Release|Win32 = Release|Win32
		Release|x64 = Release|x64
	EndGlobalSection
	GlobalSection(ProjectConfigurationPlatforms) = postSolution
		{9A14C745-00CB-18F4-CDF3-0F18957489EF}.Debug|Win32.ActiveCfg = Debug|Win32
		{9A14C745-00CB-18F4-CDF3-0F18957489EF}.Debug|Win32.Build.0 = Debug|Win32
		{9A14C745-00CB-18F4-CDF3-0F18957489EF}.Debug|x64.ActiveCfg = Debug|x64
		{9A14C745-00CB-18F4-CDF3-0F18957489EF}.Debug|x64.Build.0 = Debug|x64
		{9A14C745-00CB-18F4-CDF3-0F18957489EF}.Release|Win32.ActiveCfg = Release|Win32
		{9A14C745-00CB-18F4-CDF3-0F18957489EF}.Release|Win32.Build.0 = Release|Win32
		{9A14C745-00CB-18F4-CDF3-0F18957489EF}.Release|x64.ActiveCfg = Release|x64
		{9A14C745-00CB-18F4-CDF3-0F18957489EF}.Release|x64.Build.0 = Release|x64
	EndGlobalSection
	GlobalSection(SolutionProperties) = preSolution
		HideSolutionNode = FALSE
	EndGlobalSection
EndGlobal
